{
    "_meta": {
        "hash": {
            "sha256": "fa0a76f9d2092e7e0a950344457ceaea4f27b077cf0727096735fd2e3a62889c"
        },
        "pipfile-spec": 6,
        "requires": {
            "python_version": "3.10"
        },
        "sources": [
            {
                "name": "pypi",
                "url": "https://pypi.org/simple",
                "verify_ssl": true
            }
        ]
    },
    "default": {},
    "develop": {
        "black": {
            "hashes": [
                "sha256:074458dc2f6e0d3dab7928d4417bb6957bb834434516f21514138437accdbe90",
                "sha256:187d96c5e713f441a5829e77120c269b6514418f4513a390b0499b0987f2ff1c",
                "sha256:2ea29072e954a4d55a2ff58971b83365eba5d3d357352a07a7a4df0d95f51c78",
                "sha256:4af5bc0e1f96be5ae9bd7aaec219c901a94d6caa2484c21983d043371c733fc4",
                "sha256:560558527e52ce8afba936fcce93a7411ab40c7d5fe8c2463e279e843c0328ee",
                "sha256:568ac3c465b1c8b34b61cd7a4e349e93f91abf0f9371eda1cf87194663ab684e",
                "sha256:6797f58943fceb1c461fb572edbe828d811e719c24e03375fd25170ada53825e",
                "sha256:6c1734ab264b8f7929cef8ae5f900b85d579e6cbfde09d7387da8f04771b51c6",
                "sha256:6c6d39e28aed379aec40da1c65434c77d75e65bb59a1e1c283de545fb4e7c6c9",
                "sha256:7ba9be198ecca5031cd78745780d65a3f75a34b2ff9be5837045dce55db83d1c",
                "sha256:94783f636bca89f11eb5d50437e8e17fbc6a929a628d82304c80fa9cd945f256",
                "sha256:a218d7e5856f91d20f04e931b6f16d15356db1c846ee55f01bac297a705ca24f",
                "sha256:a3db5b6409b96d9bd543323b23ef32a1a2b06416d525d27e0f67e74f1446c8f2",
                "sha256:ac609cf8ef5e7115ddd07d85d988d074ed00e10fbc3445aee393e70164a2219c",
                "sha256:b154e6bbde1e79ea3260c4b40c0b7b3109ffcdf7bc4ebf8859169a6af72cd70b",
                "sha256:b270a168d69edb8b7ed32c193ef10fd27844e5c60852039599f9184460ce0807",
                "sha256:b9fd45787ba8aa3f5e0a0a98920c1012c884622c6c920dbe98dbd05bc7c70fbf",
                "sha256:c85928b9d5f83b23cee7d0efcb310172412fbf7cb9d9ce963bd67fd141781def",
                "sha256:c9a3ac16efe9ec7d7381ddebcc022119794872abce99475345c5a61aa18c45ad",
                "sha256:cfaf3895a9634e882bf9d2363fed5af8888802d670f58b279b0bece00e9a872d",
                "sha256:e439798f819d49ba1c0bd9664427a05aab79bfba777a6db94fd4e56fae0cb849",
                "sha256:f586c26118bc6e714ec58c09df0157fe2d9ee195c764f630eb0d8e7ccce72e69",
                "sha256:f6fe02afde060bbeef044af7996f335fbe90b039ccf3f5eb8f16df8b20f77666"
            ],
            "index": "pypi",
            "version": "==22.6.0"
        },
        "click": {
            "hashes": [
                "sha256:7682dc8afb30297001674575ea00d1814d808d6a36af415a82bd481d37ba7b8e",
                "sha256:bb4d8133cb15a609f44e8213d9b391b0809795062913b383c62be0ee95b1db48"
            ],
            "markers": "python_version >= '3.7'",
            "version": "==8.1.3"
        },
        "flake8": {
            "hashes": [
                "sha256:3833794e27ff64ea4e9cf5d410082a8b97ff1a06c16aa3d2027339cd0f1195c7",
                "sha256:c61007e76655af75e6785a931f452915b371dc48f56efd765247c8fe68f2b181"
            ],
            "index": "pypi",
            "version": "==6.0.0"
        },
        "isort": {
            "hashes": [
                "sha256:9c2ea1e62d871267b78307fe511c0838ba0da28698c5732d54e2790bf3ba9899",
                "sha256:e17d6e2b81095c9db0a03a8025a957f334d6ea30b26f9ec70805411e5c7c81f2"
            ],
            "index": "pypi",
            "version": "==5.9.3"
        },
        "mccabe": {
            "hashes": [
                "sha256:348e0240c33b60bbdf4e523192ef919f28cb2c3d7d5c7794f74009290f236325",
                "sha256:6c2d30ab6be0e4a46919781807b4f0d834ebdd6c6e3dca0bda5a15f863427b6e"
            ],
            "markers": "python_version >= '3.6'",
            "version": "==0.7.0"
        },
        "mypy": {
            "hashes": [
                "sha256:0714258640194d75677e86c786e80ccf294972cc76885d3ebbb560f11db0003d",
                "sha256:0c8f3be99e8a8bd403caa8c03be619544bc2c77a7093685dcf308c6b109426c6",
                "sha256:0cca5adf694af539aeaa6ac633a7afe9bbd760df9d31be55ab780b77ab5ae8bf",
                "sha256:1c8cd4fb70e8584ca1ed5805cbc7c017a3d1a29fb450621089ffed3e99d1857f",
                "sha256:1f7d1a520373e2272b10796c3ff721ea1a0712288cafaa95931e66aa15798813",
                "sha256:209ee89fbb0deed518605edddd234af80506aec932ad28d73c08f1400ef80a33",
                "sha256:26efb2fcc6b67e4d5a55561f39176821d2adf88f2745ddc72751b7890f3194ad",
                "sha256:37bd02ebf9d10e05b00d71302d2c2e6ca333e6c2a8584a98c00e038db8121f05",
                "sha256:3a700330b567114b673cf8ee7388e949f843b356a73b5ab22dd7cff4742a5297",
                "sha256:3c0165ba8f354a6d9881809ef29f1a9318a236a6d81c690094c5df32107bde06",
                "sha256:3d80e36b7d7a9259b740be6d8d906221789b0d836201af4234093cae89ced0cd",
                "sha256:4175593dc25d9da12f7de8de873a33f9b2b8bdb4e827a7cae952e5b1a342e243",
                "sha256:4307270436fd7694b41f913eb09210faff27ea4979ecbcd849e57d2da2f65305",
                "sha256:5e80e758243b97b618cdf22004beb09e8a2de1af481382e4d84bc52152d1c476",
                "sha256:641411733b127c3e0dab94c45af15fea99e4468f99ac88b39efb1ad677da5711",
                "sha256:652b651d42f155033a1967739788c436491b577b6a44e4c39fb340d0ee7f0d70",
                "sha256:6d7464bac72a85cb3491c7e92b5b62f3dcccb8af26826257760a552a5e244aa5",
                "sha256:74e259b5c19f70d35fcc1ad3d56499065c601dfe94ff67ae48b85596b9ec1461",
                "sha256:7d17e0a9707d0772f4a7b878f04b4fd11f6f5bcb9b3813975a9b13c9332153ab",
                "sha256:901c2c269c616e6cb0998b33d4adbb4a6af0ac4ce5cd078afd7bc95830e62c1c",
                "sha256:98e781cd35c0acf33eb0295e8b9c55cdbef64fcb35f6d3aa2186f289bed6e80d",
                "sha256:a12c56bf73cdab116df96e4ff39610b92a348cc99a1307e1da3c3768bbb5b135",
                "sha256:ac6e503823143464538efda0e8e356d871557ef60ccd38f8824a4257acc18d93",
                "sha256:b8472f736a5bfb159a5e36740847808f6f5b659960115ff29c7cecec1741c648",
                "sha256:b86ce2c1866a748c0f6faca5232059f881cda6dda2a893b9a8373353cfe3715a",
                "sha256:bc9ec663ed6c8f15f4ae9d3c04c989b744436c16d26580eaa760ae9dd5d662eb",
                "sha256:c9166b3f81a10cdf9b49f2d594b21b31adadb3d5e9db9b834866c3258b695be3",
                "sha256:d13674f3fb73805ba0c45eb6c0c3053d218aa1f7abead6e446d474529aafc372",
                "sha256:de32edc9b0a7e67c2775e574cb061a537660e51210fbf6006b0b36ea695ae9bb",
                "sha256:e62ebaad93be3ad1a828a11e90f0e76f15449371ffeecca4a0a0b9adc99abcef"
            ],
            "index": "pypi",
            "version": "==0.991"
        },
        "mypy-extensions": {
            "hashes": [
                "sha256:4392f6c0eb8a5668a69e23d168ffa70f0be9ccfd32b5cc2d26a34ae5b844552d",
                "sha256:75dbf8955dc00442a438fc4d0666508a9a97b6bd41aa2f0ffe9d2f2725af0782"
            ],
            "markers": "python_version >= '3.5'",
            "version": "==1.0.0"
        },
        "packaging": {
            "hashes": [
                "sha256:714ac14496c3e68c99c29b00845f7a2b85f3bb6f1078fd9f72fd20f0570002b2",
                "sha256:b6ad297f8907de0fa2fe1ccbd26fdaf387f5f47c7275fedf8cce89f99446cf97"
            ],
            "markers": "python_version >= '3.7'",
            "version": "==23.0"
        },
        "passwordgen": {
            "editable": true,
            "path": "."
        },
        "pathspec": {
            "hashes": [
                "sha256:2798de800fa92780e33acca925945e9a19a133b715067cf165b8866c15a31687",
                "sha256:d8af70af76652554bd134c22b3e8a1cc46ed7d91edcdd721ef1a0c51a84a5293"
            ],
            "markers": "python_version >= '3.7'",
            "version": "==0.11.1"
        },
        "platformdirs": {
            "hashes": [
                "sha256:d5b638ca397f25f979350ff789db335903d7ea010ab28903f57b27e1b16c2b08",
                "sha256:ebe11c0d7a805086e99506aa331612429a72ca7cd52a1f0d277dc4adc20cb10e"
            ],
            "markers": "python_version >= '3.7'",
            "version": "==3.2.0"
        },
        "pycodestyle": {
            "hashes": [
                "sha256:347187bdb476329d98f695c213d7295a846d1152ff4fe9bacb8a9590b8ee7053",
                "sha256:8a4eaf0d0495c7395bdab3589ac2db602797d76207242c17d470186815706610"
            ],
            "markers": "python_version >= '3.6'",
            "version": "==2.10.0"
        },
        "pydocstyle": {
            "hashes": [
                "sha256:118762d452a49d6b05e194ef344a55822987a462831ade91ec5c06fd2169d019",
                "sha256:7ce43f0c0ac87b07494eb9c0b462c0b73e6ff276807f204d6b53edc72b7e44e1"
            ],
            "index": "pypi",
            "version": "==6.3.0"
        },
        "pyflakes": {
            "hashes": [
                "sha256:ec55bf7fe21fff7f1ad2f7da62363d749e2a470500eab1b555334b67aa1ef8cf",
                "sha256:ec8b276a6b60bd80defed25add7e439881c19e64850afd9b346283d4165fd0fd"
            ],
            "markers": "python_version >= '3.6'",
            "version": "==3.0.1"
        },
        "pytoolconfig": {
            "extras": [
                "global"
            ],
            "hashes": [
                "sha256:239ba9d3e537b91d0243275a497700ea39a5e259ddb80421c366e3b288bf30fe",
                "sha256:a50f9dfe23b03a9d40414c1fdf902fefbeae12f2ac75a3c8f915944d6ffac279"
            ],
            "markers": "python_version >= '3.7'",
            "version": "==1.2.5"
        },
        "rope": {
            "hashes": [
                "sha256:893dd80ba7077fc9f6f42b0a849372076b70f1d6e405b9f0cc52781ffa0e6890",
                "sha256:ba39581d0f8dee4ae8b5b5e82e35d03cebad965ccb127b7eaab9755cdc85e85a"
            ],
            "index": "pypi",
            "version": "==1.7.0"
        },
        "snowballstemmer": {
            "hashes": [
                "sha256:09b16deb8547d3412ad7b590689584cd0fe25ec8db3be37788be3810cbf19cb1",
                "sha256:c8e1716e83cc398ae16824e5572ae04e0d9fc2c6b985fb0f900f5f0c96ecba1a"
            ],
            "version": "==2.2.0"
        },
        "tomli": {
            "hashes": [
                "sha256:939de3e7a6161af0c887ef91b7d41a53e7c5a1ca976325f429cb46ea9bc30ecc",
                "sha256:de526c12914f0c550d15924c62d72abc48d6fe7364aa87328337a31007fe8a4f"
            ],
            "markers": "python_full_version < '3.11.0a7'",
            "version": "==2.0.1"
        },
        "typing-extensions": {
            "hashes": [
                "sha256:5cb5f4a79139d699607b3ef622a1dedafa84e115ab0024e0d9c044a9479ca7cb",
                "sha256:fb33085c39dd998ac16d1431ebc293a8b3eedd00fd4a32de0ff79002c19511b4"
            ],
            "markers": "python_version >= '3.7'",
            "version": "==4.5.0"
        }
    }
}
